
Microsoft Visual Studio Solution File, Format Version 12.00
# Visual Studio Version 16
VisualStudioVersion = 16.0.28606.126
MinimumVisualStudioVersion = 10.0.40219.1
Project("{9A19103F-16F7-4668-BE54-9A1E7A4F7556}") = "DevilDaggersAssetCore", "DevilDaggersAssetCore\DevilDaggersAssetCore.csproj", "{281857FB-02AF-4425-B3C6-C0E00381D8D2}"
EndProject
Project("{FAE04EC0-301F-11D3-BF4B-00C04F79EFBC}") = "PNGEncodeDecodeTest", "PNGEncodeDecodeTest\PNGEncodeDecodeTest.csproj", "{5222F5D2-D828-4484-A39B-F23F8520CE31}"
EndProject
Project("{FAE04EC0-301F-11D3-BF4B-00C04F79EFBC}") = "DevilDaggersAssetExtractorConsole", "DevilDaggersAssetExtractorConsole\DevilDaggersAssetExtractorConsole.csproj", "{CF4E6776-0BB4-46AB-84E5-9B900B7C55D6}"
EndProject
Global
	GlobalSection(SolutionConfigurationPlatforms) = preSolution
		Debug|Any CPU = Debug|Any CPU
		Debug|x86 = Debug|x86
		Release|Any CPU = Release|Any CPU
		Release|x86 = Release|x86
	EndGlobalSection
	GlobalSection(ProjectConfigurationPlatforms) = postSolution
		{281857FB-02AF-4425-B3C6-C0E00381D8D2}.Debug|Any CPU.ActiveCfg = Debug|x86
		{281857FB-02AF-4425-B3C6-C0E00381D8D2}.Debug|Any CPU.Build.0 = Debug|x86
		{281857FB-02AF-4425-B3C6-C0E00381D8D2}.Debug|x86.ActiveCfg = Debug|x86
		{281857FB-02AF-4425-B3C6-C0E00381D8D2}.Debug|x86.Build.0 = Debug|x86
		{281857FB-02AF-4425-B3C6-C0E00381D8D2}.Release|Any CPU.ActiveCfg = Release|Any CPU
		{281857FB-02AF-4425-B3C6-C0E00381D8D2}.Release|Any CPU.Build.0 = Release|Any CPU
		{281857FB-02AF-4425-B3C6-C0E00381D8D2}.Release|x86.ActiveCfg = Release|x86
		{281857FB-02AF-4425-B3C6-C0E00381D8D2}.Release|x86.Build.0 = Release|x86
		{5222F5D2-D828-4484-A39B-F23F8520CE31}.Debug|Any CPU.ActiveCfg = Debug|x86
		{5222F5D2-D828-4484-A39B-F23F8520CE31}.Debug|Any CPU.Build.0 = Debug|x86
		{5222F5D2-D828-4484-A39B-F23F8520CE31}.Debug|x86.ActiveCfg = Debug|x86
		{5222F5D2-D828-4484-A39B-F23F8520CE31}.Debug|x86.Build.0 = Debug|x86
		{5222F5D2-D828-4484-A39B-F23F8520CE31}.Release|Any CPU.ActiveCfg = Release|Any CPU
		{5222F5D2-D828-4484-A39B-F23F8520CE31}.Release|Any CPU.Build.0 = Release|Any CPU
		{5222F5D2-D828-4484-A39B-F23F8520CE31}.Release|x86.ActiveCfg = Release|x86
		{5222F5D2-D828-4484-A39B-F23F8520CE31}.Release|x86.Build.0 = Release|x86
		{CF4E6776-0BB4-46AB-84E5-9B900B7C55D6}.Debug|Any CPU.ActiveCfg = Debug|Any CPU
		{CF4E6776-0BB4-46AB-84E5-9B900B7C55D6}.Debug|Any CPU.Build.0 = Debug|Any CPU
		{CF4E6776-0BB4-46AB-84E5-9B900B7C55D6}.Debug|x86.ActiveCfg = Debug|Any CPU
		{CF4E6776-0BB4-46AB-84E5-9B900B7C55D6}.Debug|x86.Build.0 = Debug|Any CPU
		{CF4E6776-0BB4-46AB-84E5-9B900B7C55D6}.Release|Any CPU.ActiveCfg = Release|Any CPU
		{CF4E6776-0BB4-46AB-84E5-9B900B7C55D6}.Release|Any CPU.Build.0 = Release|Any CPU
		{CF4E6776-0BB4-46AB-84E5-9B900B7C55D6}.Release|x86.ActiveCfg = Release|Any CPU
		{CF4E6776-0BB4-46AB-84E5-9B900B7C55D6}.Release|x86.Build.0 = Release|Any CPU
	EndGlobalSection
	GlobalSection(SolutionProperties) = preSolution
		HideSolutionNode = FALSE
	EndGlobalSection
	GlobalSection(ExtensibilityGlobals) = postSolution
		SolutionGuid = {F735091C-097D-4A47-A854-5AC70B55C5FB}
	EndGlobalSection
EndGlobal
