
Microsoft Visual Studio Solution File, Format Version 12.00
# Visual Studio Version 16
VisualStudioVersion = 16.0.28606.126
MinimumVisualStudioVersion = 10.0.40219.1
Project("{9A19103F-16F7-4668-BE54-9A1E7A4F7556}") = "DevilDaggersAssetCore", "DevilDaggersAssetCore\DevilDaggersAssetCore.csproj", "{281857FB-02AF-4425-B3C6-C0E00381D8D2}"
EndProject
Project("{FAE04EC0-301F-11D3-BF4B-00C04F79EFBC}") = "DevilDaggersAssetEditor", "DevilDaggersAssetEditor\DevilDaggersAssetEditor.csproj", "{3F45D736-3FB7-4D12-AB9F-C584B7770957}"
EndProject
Project("{FAE04EC0-301F-11D3-BF4B-00C04F79EFBC}") = "Particle", "Particle\Particle.csproj", "{C2582AA8-80E2-41BB-8E1C-CD3F79B50A73}"
EndProject
Project("{9A19103F-16F7-4668-BE54-9A1E7A4F7556}") = "DevilDaggersCore", "..\DevilDaggersCore\DevilDaggersCore\DevilDaggersCore.csproj", "{65E7D153-FC35-4427-B868-FD10D9BFCD42}"
EndProject
Project("{9A19103F-16F7-4668-BE54-9A1E7A4F7556}") = "NetBase", "..\NetBase\NetBase\NetBase.csproj", "{3EE19F2E-BFE1-49C2-89AC-5258595723B0}"
EndProject
Project("{2150E333-8FDC-42A3-9474-1A3956D46DE8}") = "Core", "Core", "{4CD4CF51-DF75-4FE2-81CF-214C191DE036}"
EndProject
Project("{9A19103F-16F7-4668-BE54-9A1E7A4F7556}") = "SyntaxHighlighter", "..\SyntaxHighlighter\SyntaxHighlighter\SyntaxHighlighter.csproj", "{436C9BB2-D0E5-4801-8589-5F5ACAD919F4}"
EndProject
Project("{9A19103F-16F7-4668-BE54-9A1E7A4F7556}") = "JsonUtils", "..\JsonUtils\JsonUtils\JsonUtils.csproj", "{5CED0E44-2B47-4107-8A84-92102F7CCE5D}"
EndProject
Global
	GlobalSection(SolutionConfigurationPlatforms) = preSolution
		Debug|x64 = Debug|x64
		Release|x64 = Release|x64
	EndGlobalSection
	GlobalSection(ProjectConfigurationPlatforms) = postSolution
		{281857FB-02AF-4425-B3C6-C0E00381D8D2}.Debug|x64.ActiveCfg = Debug|x64
		{281857FB-02AF-4425-B3C6-C0E00381D8D2}.Debug|x64.Build.0 = Debug|x64
		{281857FB-02AF-4425-B3C6-C0E00381D8D2}.Release|x64.ActiveCfg = Release|x64
		{281857FB-02AF-4425-B3C6-C0E00381D8D2}.Release|x64.Build.0 = Release|x64
		{3F45D736-3FB7-4D12-AB9F-C584B7770957}.Debug|x64.ActiveCfg = Debug|Any CPU
		{3F45D736-3FB7-4D12-AB9F-C584B7770957}.Debug|x64.Build.0 = Debug|Any CPU
		{3F45D736-3FB7-4D12-AB9F-C584B7770957}.Release|x64.ActiveCfg = Release|Any CPU
		{3F45D736-3FB7-4D12-AB9F-C584B7770957}.Release|x64.Build.0 = Release|Any CPU
		{C2582AA8-80E2-41BB-8E1C-CD3F79B50A73}.Debug|x64.ActiveCfg = Debug|x64
		{C2582AA8-80E2-41BB-8E1C-CD3F79B50A73}.Debug|x64.Build.0 = Debug|x64
		{C2582AA8-80E2-41BB-8E1C-CD3F79B50A73}.Release|x64.ActiveCfg = Release|x64
		{C2582AA8-80E2-41BB-8E1C-CD3F79B50A73}.Release|x64.Build.0 = Release|x64
		{65E7D153-FC35-4427-B868-FD10D9BFCD42}.Debug|x64.ActiveCfg = Debug|x64
		{65E7D153-FC35-4427-B868-FD10D9BFCD42}.Debug|x64.Build.0 = Debug|x64
		{65E7D153-FC35-4427-B868-FD10D9BFCD42}.Release|x64.ActiveCfg = Release|x64
		{65E7D153-FC35-4427-B868-FD10D9BFCD42}.Release|x64.Build.0 = Release|x64
		{3EE19F2E-BFE1-49C2-89AC-5258595723B0}.Debug|x64.ActiveCfg = Debug|x64
		{3EE19F2E-BFE1-49C2-89AC-5258595723B0}.Debug|x64.Build.0 = Debug|x64
		{3EE19F2E-BFE1-49C2-89AC-5258595723B0}.Release|x64.ActiveCfg = Release|x64
		{3EE19F2E-BFE1-49C2-89AC-5258595723B0}.Release|x64.Build.0 = Release|x64
		{436C9BB2-D0E5-4801-8589-5F5ACAD919F4}.Debug|x64.ActiveCfg = Debug|x64
		{436C9BB2-D0E5-4801-8589-5F5ACAD919F4}.Debug|x64.Build.0 = Debug|x64
		{436C9BB2-D0E5-4801-8589-5F5ACAD919F4}.Release|x64.ActiveCfg = Release|x64
		{436C9BB2-D0E5-4801-8589-5F5ACAD919F4}.Release|x64.Build.0 = Release|x64
		{5CED0E44-2B47-4107-8A84-92102F7CCE5D}.Debug|x64.ActiveCfg = Debug|x64
		{5CED0E44-2B47-4107-8A84-92102F7CCE5D}.Debug|x64.Build.0 = Debug|x64
		{5CED0E44-2B47-4107-8A84-92102F7CCE5D}.Release|x64.ActiveCfg = Release|x64
		{5CED0E44-2B47-4107-8A84-92102F7CCE5D}.Release|x64.Build.0 = Release|x64
	EndGlobalSection
	GlobalSection(SolutionProperties) = preSolution
		HideSolutionNode = FALSE
	EndGlobalSection
	GlobalSection(NestedProjects) = preSolution
		{65E7D153-FC35-4427-B868-FD10D9BFCD42} = {4CD4CF51-DF75-4FE2-81CF-214C191DE036}
		{3EE19F2E-BFE1-49C2-89AC-5258595723B0} = {4CD4CF51-DF75-4FE2-81CF-214C191DE036}
		{436C9BB2-D0E5-4801-8589-5F5ACAD919F4} = {4CD4CF51-DF75-4FE2-81CF-214C191DE036}
		{5CED0E44-2B47-4107-8A84-92102F7CCE5D} = {4CD4CF51-DF75-4FE2-81CF-214C191DE036}
	EndGlobalSection
	GlobalSection(ExtensibilityGlobals) = postSolution
		SolutionGuid = {F735091C-097D-4A47-A854-5AC70B55C5FB}
	EndGlobalSection
EndGlobal
